{
  "object": {
    "pins": [
      {
        "package": "Erbium",
        "repositoryURL": "https://github.com/e-sites/Erbium",
        "state": {
          "branch": "master",
          "revision": "15bbf1243c69161674988db51eda7d61932d799d",
          "version": null
        }
      },
      {
        "package": "SwiftHEXColors",
        "repositoryURL": "https://github.com/e-sites/SwiftHEXColors",
        "state": {
          "branch": "master",
          "revision": "d5deb81080b8db399e5ae3df23dd4a764ea81d53",
          "version": null
        }
      }
    ]
  },
  "version": 1
}
